
Microsoft Visual Studio Solution File, Format Version 12.00
# Visual Studio Version 16
VisualStudioVersion = 16.0.30711.63
MinimumVisualStudioVersion = 10.0.40219.1
Project("{FAE04EC0-301F-11D3-BF4B-00C04F79EFBC}") = "kursovaya", "kursovaya\kursovaya.csproj", "{FA0540BF-02D9-4752-BFF7-2BEF7D828E49}"
EndProject
Global
	GlobalSection(SolutionConfigurationPlatforms) = preSolution
		Debug|Any CPU = Debug|Any CPU
		Release|Any CPU = Release|Any CPU
	EndGlobalSection
	GlobalSection(ProjectConfigurationPlatforms) = postSolution
		{FA0540BF-02D9-4752-BFF7-2BEF7D828E49}.Debug|Any CPU.ActiveCfg = Debug|Any CPU
		{FA0540BF-02D9-4752-BFF7-2BEF7D828E49}.Debug|Any CPU.Build.0 = Debug|Any CPU
		{FA0540BF-02D9-4752-BFF7-2BEF7D828E49}.Release|Any CPU.ActiveCfg = Release|Any CPU
		{FA0540BF-02D9-4752-BFF7-2BEF7D828E49}.Release|Any CPU.Build.0 = Release|Any CPU
	EndGlobalSection
	GlobalSection(SolutionProperties) = preSolution
		HideSolutionNode = FALSE
	EndGlobalSection
	GlobalSection(ExtensibilityGlobals) = postSolution
		SolutionGuid = {8F74BA5F-DCB2-4C65-BAF3-AADD318C89E6}
	EndGlobalSection
EndGlobal
